
Microsoft Visual Studio Solution File, Format Version 12.00
# Visual Studio Version 17
VisualStudioVersion = 17.13.35818.85 d17.13
MinimumVisualStudioVersion = 10.0.40219.1
Project("{FAE04EC0-301F-11D3-BF4B-00C04F79EFBC}") = "ProjetoTotem", "ProjetoTotem\ProjetoTotem.csproj", "{B5ECE707-4D0C-443C-B637-18B0D2C26520}"
EndProject
Global
	GlobalSection(SolutionConfigurationPlatforms) = preSolution
		Debug|Any CPU = Debug|Any CPU
		Release|Any CPU = Release|Any CPU
	EndGlobalSection
	GlobalSection(ProjectConfigurationPlatforms) = postSolution
		{B5ECE707-4D0C-443C-B637-18B0D2C26520}.Debug|Any CPU.ActiveCfg = Debug|Any CPU
		{B5ECE707-4D0C-443C-B637-18B0D2C26520}.Debug|Any CPU.Build.0 = Debug|Any CPU
		{B5ECE707-4D0C-443C-B637-18B0D2C26520}.Release|Any CPU.ActiveCfg = Release|Any CPU
		{B5ECE707-4D0C-443C-B637-18B0D2C26520}.Release|Any CPU.Build.0 = Release|Any CPU
	EndGlobalSection
	GlobalSection(SolutionProperties) = preSolution
		HideSolutionNode = FALSE
	EndGlobalSection
	GlobalSection(ExtensibilityGlobals) = postSolution
		SolutionGuid = {980274C6-D4AB-4C12-8785-518F0367A8AA}
	EndGlobalSection
EndGlobal
